<?xml version="1.0" encoding="utf-8"?>
<Project ToolsVersion="4.0" xmlns="http://schemas.microsoft.com/developer/msbuild/2003">
  <ItemGroup>
    <ClCompile Include="..\src\main.cpp" />
    <ClCompile Include="..\src\mge\core\AbstractGame.cpp" />
    <ClCompile Include="..\src\mge\core\AdvancedSprite.cpp" />
    <ClCompile Include="..\src\mge\core\Camera.cpp" />
    <ClCompile Include="..\src\mge\core\CollisionManager.cpp" />
    <ClCompile Include="..\src\mge\core\GameController.cpp" />
    <ClCompile Include="..\src\mge\core\GameObject.cpp" />
    <ClCompile Include="..\src\mge\core\GridManager.cpp" />
    <ClCompile Include="..\src\mge\core\Helper.cpp" />
    <ClCompile Include="..\src\mge\core\Light.cpp" />
    <ClCompile Include="..\src\mge\core\Mesh.cpp" />
    <ClCompile Include="..\src\mge\core\Renderer.cpp" />
    <ClCompile Include="..\src\mge\core\ShaderProgram.cpp" />
    <ClCompile Include="..\src\mge\core\Texture.cpp" />
    <ClCompile Include="..\src\mge\core\UIManager.cpp" />
    <ClCompile Include="..\src\mge\core\Waypoint.cpp" />
    <ClCompile Include="..\src\mge\core\World.cpp" />
    <ClCompile Include="..\src\mge\TowerDefenseScene.cpp" />
    <ClCompile Include="..\src\mge\util\DebugHud.cpp" />
    <ClCompile Include="..\src\mge\behaviours\AbstractBehaviour.cpp">
      <Filter>Behaviours</Filter>
    </ClCompile>
    <ClCompile Include="..\src\mge\behaviours\CameraMovementBehaviour.cpp">
      <Filter>Behaviours</Filter>
    </ClCompile>
    <ClCompile Include="..\src\mge\behaviours\CameraOrbitBehaviour.cpp">
      <Filter>Behaviours</Filter>
    </ClCompile>
    <ClCompile Include="..\src\mge\behaviours\CollisionBehaviour.cpp">
      <Filter>Behaviours</Filter>
    </ClCompile>
    <ClCompile Include="..\src\mge\behaviours\FollowMouseOnGridBehaviour.cpp">
      <Filter>Behaviours</Filter>
    </ClCompile>
    <ClCompile Include="..\src\mge\behaviours\RotatingBehaviour.cpp">
      <Filter>Behaviours</Filter>
    </ClCompile>
    <ClCompile Include="..\src\mge\behaviours\TowerBehaviour.cpp">
      <Filter>Behaviours</Filter>
    </ClCompile>
    <ClCompile Include="..\src\mge\behaviours\WASDBehaviour.cpp">
      <Filter>Behaviours</Filter>
    </ClCompile>
    <ClCompile Include="..\src\mge\behaviours\WaypointFollowBehaviour.cpp">
      <Filter>Behaviours</Filter>
    </ClCompile>
    <ClCompile Include="..\src\mge\materials\AbstractMaterial.cpp">
      <Filter>Materials</Filter>
    </ClCompile>
    <ClCompile Include="..\src\mge\materials\ColorMaterial.cpp">
      <Filter>Materials</Filter>
    </ClCompile>
    <ClCompile Include="..\src\mge\materials\LitDynamicGridTextureMaterial.cpp">
      <Filter>Materials</Filter>
    </ClCompile>
    <ClCompile Include="..\src\mge\materials\LitMaterial.cpp">
      <Filter>Materials</Filter>
    </ClCompile>
    <ClCompile Include="..\src\mge\materials\LitSelectedTextureMaterial.cpp">
      <Filter>Materials</Filter>
    </ClCompile>
    <ClCompile Include="..\src\mge\materials\LitTextureGridMaterial.cpp">
      <Filter>Materials</Filter>
    </ClCompile>
    <ClCompile Include="..\src\mge\materials\LitTextureMaterial.cpp">
      <Filter>Materials</Filter>
    </ClCompile>
    <ClCompile Include="..\src\mge\materials\TerrainMaterial.cpp">
      <Filter>Materials</Filter>
    </ClCompile>
    <ClCompile Include="..\src\mge\materials\TextureGridMaterial.cpp">
      <Filter>Materials</Filter>
    </ClCompile>
    <ClCompile Include="..\src\mge\materials\TextureMaterial.cpp">
      <Filter>Materials</Filter>
    </ClCompile>
    <ClCompile Include="..\src\mge\materials\WobbleMaterial.cpp">
      <Filter>Materials</Filter>
    </ClCompile>
    <ClCompile Include="..\src\mge\behaviours\KeysBehaviour.cpp">
      <Filter>Behaviours</Filter>
    </ClCompile>
    <ClCompile Include="..\src\mge\core\Rat.cpp">
      <Filter>Enemies</Filter>
    </ClCompile>
    <ClCompile Include="..\src\mge\core\HoneyTower.cpp">
      <Filter>Towers</Filter>
    </ClCompile>
    <ClCompile Include="..\src\mge\core\ShockTower.cpp">
      <Filter>Towers</Filter>
    </ClCompile>
    <ClCompile Include="..\src\mge\core\ToasterTower.cpp">
      <Filter>Towers</Filter>
    </ClCompile>
    <ClCompile Include="..\src\mge\core\Tower.cpp">
      <Filter>Towers</Filter>
    </ClCompile>
    <ClCompile Include="..\src\mge\core\Enemy.cpp">
      <Filter>Enemies</Filter>
    </ClCompile>
    <ClCompile Include="..\src\mge\core\EnemySpawner.cpp">
      <Filter>Enemies</Filter>
    </ClCompile>
    <ClCompile Include="..\src\mge\behaviours\EffectBehaviour.cpp">
      <Filter>Behaviours</Filter>
    </ClCompile>
    <ClCompile Include="..\src\mge\core\MagnifyingGlassTower.cpp">
      <Filter>Towers</Filter>
    </ClCompile>
    <ClCompile Include="..\src\mge\core\SniperTower.cpp">
      <Filter>Towers</Filter>
    </ClCompile>
    <ClCompile Include="..\src\mge\core\IceTower.cpp">
      <Filter>Towers</Filter>
    </ClCompile>
    <ClCompile Include="..\src\mge\core\HoneyProjectile.cpp">
      <Filter>Towers\Projectiles</Filter>
    </ClCompile>
    <ClCompile Include="..\src\mge\core\ToasterProjectile.cpp">
      <Filter>Towers\Projectiles</Filter>
    </ClCompile>
    <ClCompile Include="..\src\mge\behaviours\HoneyTowerBehaviour.cpp">
      <Filter>Behaviours\TowerBehaviours</Filter>
    </ClCompile>
    <ClCompile Include="..\src\mge\behaviours\ShockTowerBehaviour.cpp">
      <Filter>Behaviours\TowerBehaviours</Filter>
    </ClCompile>
    <ClCompile Include="..\src\mge\behaviours\ToasterTowerBehaviour.cpp">
      <Filter>Behaviours\TowerBehaviours</Filter>
    </ClCompile>
    <ClCompile Include="..\src\mge\behaviours\ToasterProjectileBehaviour.cpp">
      <Filter>Behaviours\TowerBehaviours\TowerProjectileBehaviours</Filter>
    </ClCompile>
    <ClCompile Include="..\src\mge\behaviours\HoneyProjectileBehaviour.cpp">
      <Filter>Behaviours\TowerBehaviours\TowerProjectileBehaviours</Filter>
    </ClCompile>
    <ClCompile Include="..\src\mge\behaviours\IceTowerBehaviour.cpp">
      <Filter>Behaviours\TowerBehaviours</Filter>
    </ClCompile>
    <ClCompile Include="..\src\mge\behaviours\MagnifyingGlassTowerBehaviour.cpp">
      <Filter>Behaviours\TowerBehaviours</Filter>
    </ClCompile>
    <ClCompile Include="..\src\mge\behaviours\SniperTowerBehaviour.cpp">
      <Filter>Behaviours\TowerBehaviours</Filter>
    </ClCompile>
    <ClCompile Include="..\src\mge\core\IceProjectile.cpp">
      <Filter>Towers\Projectiles</Filter>
    </ClCompile>
    <ClCompile Include="..\src\mge\behaviours\IceProjectileBehaviour.cpp">
      <Filter>Behaviours\TowerBehaviours\TowerProjectileBehaviours</Filter>
    </ClCompile>
    <ClCompile Include="..\src\mge\core\SanicRat.cpp">
      <Filter>Enemies</Filter>
    </ClCompile>
    <ClCompile Include="..\src\mge\core\ChadRat.cpp">
      <Filter>Enemies</Filter>
    </ClCompile>
    <ClCompile Include="..\src\mge\core\Level.cpp">
      <Filter>Levels</Filter>
    </ClCompile>
    <ClCompile Include="..\src\mge\core\TableLevel.cpp">
      <Filter>Levels</Filter>
    </ClCompile>
    <ClCompile Include="..\src\mge\core\TutorialLevel.cpp">
      <Filter>Levels</Filter>
    </ClCompile>
  </ItemGroup>
  <ItemGroup>
    <ClInclude Include="..\src\glm.hpp" />
    <ClInclude Include="..\src\mge\config.hpp" />
    <ClInclude Include="..\src\mge\core\AbstractGame.hpp" />
    <ClInclude Include="..\src\mge\core\AdvancedSprite.hpp" />
    <ClInclude Include="..\src\mge\core\CollisionManager.hpp" />
    <ClInclude Include="..\src\mge\core\Camera.hpp" />
    <ClInclude Include="..\src\mge\core\GameController.hpp" />
    <ClInclude Include="..\src\mge\core\GameObject.hpp" />
    <ClInclude Include="..\src\mge\core\GridManager.hpp" />
    <ClInclude Include="..\src\mge\core\Helper.hpp" />
    <ClInclude Include="..\src\mge\core\Light.hpp" />
    <ClInclude Include="..\src\mge\core\Mesh.hpp" />
    <ClInclude Include="..\src\mge\core\Renderer.hpp" />
    <ClInclude Include="..\src\mge\core\ShaderProgram.hpp" />
    <ClInclude Include="..\src\mge\core\Texture.hpp" />
    <ClInclude Include="..\src\mge\core\UIManager.hpp" />
    <ClInclude Include="..\src\mge\core\Waypoint.hpp" />
    <ClInclude Include="..\src\mge\core\World.hpp" />
    <ClInclude Include="..\src\mge\TowerDefenseScene.hpp" />
    <ClInclude Include="..\src\mge\util\DebugHud.hpp" />
    <ClInclude Include="..\src\mge\behaviours\AbstractBehaviour.hpp">
      <Filter>Behaviours</Filter>
    </ClInclude>
    <ClInclude Include="..\src\mge\behaviours\CameraMovementBehaviour.hpp">
      <Filter>Behaviours</Filter>
    </ClInclude>
    <ClInclude Include="..\src\mge\behaviours\CameraOrbitBehaviour.hpp">
      <Filter>Behaviours</Filter>
    </ClInclude>
    <ClInclude Include="..\src\mge\behaviours\CollisionBehaviour.hpp">
      <Filter>Behaviours</Filter>
    </ClInclude>
    <ClInclude Include="..\src\mge\behaviours\FollowMouseOnGridBehaviour.hpp">
      <Filter>Behaviours</Filter>
    </ClInclude>
    <ClInclude Include="..\src\mge\behaviours\RotatingBehaviour.hpp">
      <Filter>Behaviours</Filter>
    </ClInclude>
    <ClInclude Include="..\src\mge\behaviours\TowerBehaviour.hpp">
      <Filter>Behaviours</Filter>
    </ClInclude>
    <ClInclude Include="..\src\mge\behaviours\WASDBehaviour.hpp">
      <Filter>Behaviours</Filter>
    </ClInclude>
    <ClInclude Include="..\src\mge\behaviours\WaypointFollowBehaviour.hpp">
      <Filter>Behaviours</Filter>
    </ClInclude>
    <ClInclude Include="..\src\mge\materials\AbstractMaterial.hpp">
      <Filter>Materials</Filter>
    </ClInclude>
    <ClInclude Include="..\src\mge\materials\ColorMaterial.hpp">
      <Filter>Materials</Filter>
    </ClInclude>
    <ClInclude Include="..\src\mge\materials\LitDynamicGridTextureMaterial.hpp">
      <Filter>Materials</Filter>
    </ClInclude>
    <ClInclude Include="..\src\mge\materials\LitMaterial.hpp">
      <Filter>Materials</Filter>
    </ClInclude>
    <ClInclude Include="..\src\mge\materials\LitSelectedTextureMaterial.hpp">
      <Filter>Materials</Filter>
    </ClInclude>
    <ClInclude Include="..\src\mge\materials\LitTextureGridMaterial.hpp">
      <Filter>Materials</Filter>
    </ClInclude>
    <ClInclude Include="..\src\mge\materials\LitTextureMaterial.hpp">
      <Filter>Materials</Filter>
    </ClInclude>
    <ClInclude Include="..\src\mge\materials\TerrainMaterial.hpp">
      <Filter>Materials</Filter>
    </ClInclude>
    <ClInclude Include="..\src\mge\materials\TextureGridMaterial.hpp">
      <Filter>Materials</Filter>
    </ClInclude>
    <ClInclude Include="..\src\mge\materials\TextureMaterial.hpp">
      <Filter>Materials</Filter>
    </ClInclude>
    <ClInclude Include="..\src\mge\materials\WobbleMaterial.hpp">
      <Filter>Materials</Filter>
    </ClInclude>
    <ClInclude Include="..\src\mge\behaviours\KeysBehaviour.hpp">
      <Filter>Behaviours</Filter>
    </ClInclude>
    <ClInclude Include="..\src\mge\core\Rat.hpp">
      <Filter>Enemies</Filter>
    </ClInclude>
    <ClInclude Include="..\src\mge\core\Tower.hpp">
      <Filter>Towers</Filter>
    </ClInclude>
    <ClInclude Include="..\src\mge\core\HoneyTower.hpp">
      <Filter>Towers</Filter>
    </ClInclude>
    <ClInclude Include="..\src\mge\core\ShockTower.hpp">
      <Filter>Towers</Filter>
    </ClInclude>
    <ClInclude Include="..\src\mge\core\ToasterTower.hpp">
      <Filter>Towers</Filter>
    </ClInclude>
    <ClInclude Include="..\src\mge\core\Enemy.hpp">
      <Filter>Enemies</Filter>
    </ClInclude>
    <ClInclude Include="..\src\mge\core\EnemySpawner.hpp">
      <Filter>Enemies</Filter>
    </ClInclude>
    <ClInclude Include="..\src\mge\behaviours\EffectBehaviour.hpp">
      <Filter>Behaviours</Filter>
    </ClInclude>
    <ClInclude Include="..\src\mge\core\MagnifyingGlassTower.hpp">
      <Filter>Towers</Filter>
    </ClInclude>
    <ClInclude Include="..\src\mge\core\SniperTower.hpp">
      <Filter>Towers</Filter>
    </ClInclude>
    <ClInclude Include="..\src\mge\core\IceTower.hpp">
      <Filter>Towers</Filter>
    </ClInclude>
    <ClInclude Include="..\src\mge\core\HoneyProjectile.hpp">
      <Filter>Towers\Projectiles</Filter>
    </ClInclude>
    <ClInclude Include="..\src\mge\core\ToasterProjectile.hpp">
      <Filter>Towers\Projectiles</Filter>
    </ClInclude>
    <ClInclude Include="..\src\mge\behaviours\HoneyTowerBehaviour.hpp">
      <Filter>Behaviours\TowerBehaviours</Filter>
    </ClInclude>
    <ClInclude Include="..\src\mge\behaviours\ShockTowerBehaviour.hpp">
      <Filter>Behaviours\TowerBehaviours</Filter>
    </ClInclude>
    <ClInclude Include="..\src\mge\behaviours\ToasterTowerBehaviour.hpp">
      <Filter>Behaviours\TowerBehaviours</Filter>
    </ClInclude>
    <ClInclude Include="..\src\mge\behaviours\ToasterProjectileBehaviour.hpp">
      <Filter>Behaviours\TowerBehaviours\TowerProjectileBehaviours</Filter>
    </ClInclude>
    <ClInclude Include="..\src\mge\behaviours\HoneyProjectileBehaviour.hpp">
      <Filter>Behaviours\TowerBehaviours\TowerProjectileBehaviours</Filter>
    </ClInclude>
    <ClInclude Include="..\src\mge\behaviours\IceTowerBehaviour.hpp">
      <Filter>Behaviours\TowerBehaviours</Filter>
    </ClInclude>
    <ClInclude Include="..\src\mge\behaviours\MagnifyingGlassTowerBehaviour.hpp">
      <Filter>Behaviours\TowerBehaviours</Filter>
    </ClInclude>
    <ClInclude Include="..\src\mge\behaviours\SniperTowerBehaviour.hpp">
      <Filter>Behaviours\TowerBehaviours</Filter>
    </ClInclude>
    <ClInclude Include="..\src\mge\core\IceProjectile.hpp">
      <Filter>Towers\Projectiles</Filter>
    </ClInclude>
    <ClInclude Include="..\src\mge\behaviours\IceProjectileBehaviour.hpp">
      <Filter>Behaviours\TowerBehaviours\TowerProjectileBehaviours</Filter>
    </ClInclude>
    <ClInclude Include="..\src\mge\core\SanicRat.hpp">
      <Filter>Enemies</Filter>
    </ClInclude>
    <ClInclude Include="..\src\mge\core\ChadRat.hpp">
      <Filter>Enemies</Filter>
    </ClInclude>
<<<<<<< HEAD
    <ClInclude Include="..\src\mge\core\Level.hpp">
      <Filter>Levels</Filter>
    </ClInclude>
    <ClInclude Include="..\src\mge\core\TableLevel.hpp">
      <Filter>Levels</Filter>
    </ClInclude>
    <ClInclude Include="..\src\mge\core\TutorialLevel.hpp">
      <Filter>Levels</Filter>
    </ClInclude>
=======
    <ClInclude Include="..\src\mge\core\ShadowFrameBuffer.hpp" />
>>>>>>> 8d01192a8f28947cdaa928887dfac5b005f94673
  </ItemGroup>
  <ItemGroup>
    <Filter Include="Behaviours">
      <UniqueIdentifier>{28222263-d2b9-4b69-8906-48253722ba23}</UniqueIdentifier>
    </Filter>
    <Filter Include="Enemies">
      <UniqueIdentifier>{bcbcbba1-137d-4750-9a83-b09e949b6eec}</UniqueIdentifier>
    </Filter>
    <Filter Include="Towers">
      <UniqueIdentifier>{b808c298-fd29-48da-901d-8973a773ea96}</UniqueIdentifier>
    </Filter>
    <Filter Include="Materials">
      <UniqueIdentifier>{3d8fa20b-517c-4f75-acff-df122fc65f27}</UniqueIdentifier>
    </Filter>
    <Filter Include="Towers\Projectiles">
      <UniqueIdentifier>{fcc25723-a43b-4d4b-b4de-abcd25663e5d}</UniqueIdentifier>
    </Filter>
    <Filter Include="Behaviours\TowerBehaviours">
      <UniqueIdentifier>{5cc1804d-0d10-47c7-86c6-2cbf0a30ede1}</UniqueIdentifier>
    </Filter>
    <Filter Include="Behaviours\TowerBehaviours\TowerProjectileBehaviours">
      <UniqueIdentifier>{3e4e924a-61ce-4ffd-b0e3-3122adc53c12}</UniqueIdentifier>
    </Filter>
    <Filter Include="Levels">
      <UniqueIdentifier>{a2260da2-e866-45c6-a35c-6bfd24f73e1c}</UniqueIdentifier>
    </Filter>
  </ItemGroup>
</Project>