<?xml version="1.0" encoding="utf-8"?>
<Project ToolsVersion="4.0" xmlns="http://schemas.microsoft.com/developer/msbuild/2003">
  <ItemGroup>
    <ClCompile Include="..\src\main.cpp" />
    <ClCompile Include="..\src\mge\behaviours\AbstractBehaviour.cpp" />
    <ClCompile Include="..\src\mge\behaviours\KeysBehaviour.cpp" />
    <ClCompile Include="..\src\mge\behaviours\RotatingBehaviour.cpp" />
    <ClCompile Include="..\src\mge\behaviours\CameraOrbitBehaviour.cpp" />
    <ClCompile Include="..\src\mge\behaviours\WASDBehaviour.cpp" />
    <ClCompile Include="..\src\mge\core\AbstractGame.cpp" />
    <ClCompile Include="..\src\mge\core\Camera.cpp" />
    <ClCompile Include="..\src\mge\core\CollisionManager.cpp" />
    <ClCompile Include="..\src\mge\core\CollisionBehaviour.cpp" />
    <ClCompile Include="..\src\mge\core\GameObject.cpp" />
    <ClCompile Include="..\src\mge\core\GridManager.cpp" />
    <ClCompile Include="..\src\mge\core\Light.cpp" />
    <ClCompile Include="..\src\mge\core\Mesh.cpp" />
    <ClCompile Include="..\src\mge\core\Renderer.cpp" />
    <ClCompile Include="..\src\mge\core\ShaderProgram.cpp" />
    <ClCompile Include="..\src\mge\core\Texture.cpp" />
    <ClCompile Include="..\src\mge\core\World.cpp" />
    <ClCompile Include="..\src\mge\materials\AbstractMaterial.cpp" />
    <ClCompile Include="..\src\mge\materials\ColorMaterial.cpp" />
    <ClCompile Include="..\src\mge\materials\LitMaterial.cpp" />
    <ClCompile Include="..\src\mge\materials\TerrainMaterial.cpp" />
    <ClCompile Include="..\src\mge\materials\TextureGridMaterial.cpp" />
    <ClCompile Include="..\src\mge\materials\TextureMaterial.cpp" />
    <ClCompile Include="..\src\mge\materials\WobbleMaterial.cpp" />
    <ClCompile Include="..\src\mge\TowerDefenseScene.cpp" />
    <ClCompile Include="..\src\mge\util\DebugHud.cpp" />
    <ClCompile Include="..\src\mge\core\Tower.cpp" />
    <ClCompile Include="..\src\mge\behaviours\FollowMouseOnGridBehaviour.cpp" />
  </ItemGroup>
  <ItemGroup>
    <ClInclude Include="..\src\glm.hpp" />
    <ClInclude Include="..\src\mge\behaviours\AbstractBehaviour.hpp" />
    <ClInclude Include="..\src\mge\behaviours\CollisionBehaviour.hpp" />
    <ClInclude Include="..\src\mge\behaviours\KeysBehaviour.hpp" />
    <ClInclude Include="..\src\mge\behaviours\RotatingBehaviour.hpp" />
    <ClInclude Include="..\src\mge\behaviours\CameraOrbitBehaviour.hpp" />
    <ClInclude Include="..\src\mge\behaviours\WASDBehaviour.hpp" />
    <ClInclude Include="..\src\mge\config.hpp" />
    <ClInclude Include="..\src\mge\core\AbstractGame.hpp" />
    <ClInclude Include="..\src\mge\core\CollisionManager.hpp" />
    <ClInclude Include="..\src\mge\core\Camera.hpp" />
    <ClInclude Include="..\src\mge\core\GameObject.hpp" />
    <ClInclude Include="..\src\mge\core\GridManager.hpp" />
    <ClInclude Include="..\src\mge\core\Light.hpp" />
    <ClInclude Include="..\src\mge\core\Mesh.hpp" />
    <ClInclude Include="..\src\mge\core\Renderer.hpp" />
    <ClInclude Include="..\src\mge\core\ShaderProgram.hpp" />
    <ClInclude Include="..\src\mge\core\Texture.hpp" />
    <ClInclude Include="..\src\mge\core\World.hpp" />
    <ClInclude Include="..\src\mge\materials\AbstractMaterial.hpp" />
    <ClInclude Include="..\src\mge\materials\ColorMaterial.hpp" />
    <ClInclude Include="..\src\mge\materials\LitMaterial.hpp" />
    <ClInclude Include="..\src\mge\materials\TerrainMaterial.hpp" />
    <ClInclude Include="..\src\mge\materials\TextureGridMaterial.hpp" />
    <ClInclude Include="..\src\mge\materials\TextureMaterial.hpp" />
    <ClInclude Include="..\src\mge\materials\WobbleMaterial.hpp" />
    <ClInclude Include="..\src\mge\TowerDefenseScene.hpp" />
    <ClInclude Include="..\src\mge\util\DebugHud.hpp" />
    <ClInclude Include="..\src\mge\core\Tower.hpp" />
    <ClInclude Include="..\src\mge\behaviours\FollowMouseOnGridBehaviour.hpp" />
  </ItemGroup>
</Project>